
Microsoft Visual Studio Solution File, Format Version 12.00
# Visual Studio Version 16
VisualStudioVersion = 16.0.31313.79
MinimumVisualStudioVersion = 10.0.40219.1
Project("{FAE04EC0-301F-11D3-BF4B-00C04F79EFBC}") = "Stock_YahooFinance", "Stock_YahooFinance.csproj", "{A3264CBE-2FEF-4023-BF15-9E51B3E5DEFD}"
EndProject
Global
	GlobalSection(SolutionConfigurationPlatforms) = preSolution
		Debug|Any CPU = Debug|Any CPU
		Release|Any CPU = Release|Any CPU
	EndGlobalSection
	GlobalSection(ProjectConfigurationPlatforms) = postSolution
		{A3264CBE-2FEF-4023-BF15-9E51B3E5DEFD}.Debug|Any CPU.ActiveCfg = Debug|Any CPU
		{A3264CBE-2FEF-4023-BF15-9E51B3E5DEFD}.Debug|Any CPU.Build.0 = Debug|Any CPU
		{A3264CBE-2FEF-4023-BF15-9E51B3E5DEFD}.Release|Any CPU.ActiveCfg = Release|Any CPU
		{A3264CBE-2FEF-4023-BF15-9E51B3E5DEFD}.Release|Any CPU.Build.0 = Release|Any CPU
	EndGlobalSection
	GlobalSection(SolutionProperties) = preSolution
		HideSolutionNode = FALSE
	EndGlobalSection
	GlobalSection(ExtensibilityGlobals) = postSolution
		SolutionGuid = {0E64CB23-68EB-4C7F-8E4F-216BD557798A}
	EndGlobalSection
EndGlobal
